{
  "version": 2,
  "dependencies": {
    "net10.0": {
      "Confluent.SchemaRegistry": {
        "type": "Direct",
        "requested": "[2.14.0, )",
        "resolved": "2.14.0",
        "contentHash": "axnbdId+V1oOKDkUK92KTzrLFLTKVJaywg+tgs3yoRImQnf+zgct4U6Y/jssNYEP0gCObgZyJgk4hWatZV00gw==",
        "dependencies": {
          "Confluent.Kafka": "2.14.0",
          "Microsoft.Extensions.Caching.Memory": "8.0.1",
          "Newtonsoft.Json": "13.0.1"
        }
      },
      "Confluent.SchemaRegistry.Serdes.Avro": {
        "type": "Direct",
        "requested": "[2.14.0, )",
        "resolved": "2.14.0",
        "contentHash": "gRvhDEETEXFLvGBsMRKdODO4VI00S4zAJEs+HZg9fWKdNdm90MlScoUADYJd0F8fSl0O0Va2Iyz5KkdrKm3Oxw==",
        "dependencies": {
          "Apache.Avro": "1.12.1",
          "Confluent.Kafka": "2.14.0",
          "Confluent.SchemaRegistry": "2.14.0"
        }
      },
      "StyleCop.Analyzers": {
        "type": "Direct",
        "requested": "[1.2.0-beta.556, )",
        "resolved": "1.2.0-beta.556",
        "contentHash": "llRPgmA1fhC0I0QyFLEcjvtM2239QzKr/tcnbsjArLMJxJlu0AA5G7Fft0OI30pHF3MW63Gf4aSSsjc5m82J1Q==",
        "dependencies": {
          "StyleCop.Analyzers.Unstable": "1.2.0.556"
        }
      },
      "librdkafka.redist": {
        "type": "Transitive",
        "resolved": "2.14.0",
        "contentHash": "jqmYswYUiW9So5lce1Upo/zm5V7p/kWaqnUqkP5Lar1Ekq2yLrORoDCJ1JIiVLD3xdVkavwqW9iFKHBfkTsS7w=="
      },
      "Microsoft.Extensions.Caching.Abstractions": {
        "type": "Transitive",
        "resolved": "10.0.8",
        "contentHash": "EoK2TwVR1daxmfXUPnvIYZSk5XQjHe45sGekox4kvMt88KQZQhDVzYW5Na5+oNwTuRpE48hipyGJg12F1Tm70w==",
        "dependencies": {
          "Microsoft.Extensions.Primitives": "10.0.8"
        }
      },
      "Microsoft.Extensions.Primitives": {
        "type": "Transitive",
        "resolved": "10.0.8",
        "contentHash": "OBPo4nYhMyIbtueoC10CBm6AGAbo/A9IV8QQ/6ryZS7VvmqpGT7hunazeHLxFawRzn3oLOq4jhqhpBX4tfswWQ=="
      },
      "Newtonsoft.Json": {
        "type": "Transitive",
        "resolved": "13.0.1",
        "contentHash": "ppPFpBcvxdsfUonNcvITKqLl3bqxWbDCZIzDWHzjpdAHRFfZe0Dw9HmA0+za13IdyrgJwpkDTDA9fHaxOrt20A=="
      },
      "StyleCop.Analyzers.Unstable": {
        "type": "Transitive",
        "resolved": "1.2.0.556",
        "contentHash": "zvn9Mqs/ox/83cpYPignI8hJEM2A93s2HkHs8HYMOAQW0PkampyoErAiIyKxgTLqbbad29HX/shv/6LGSjPJNQ=="
      },
      "System.CodeDom": {
        "type": "Transitive",
        "resolved": "8.0.0",
        "contentHash": "WTlRjL6KWIMr/pAaq3rYqh0TJlzpouaQ/W1eelssHgtlwHAH25jXTkUphTYx9HaIIf7XA6qs/0+YhtLEQRkJ+Q=="
      },
      "Apache.Avro": {
        "type": "CentralTransitive",
        "requested": "[1.12.1, )",
        "resolved": "1.12.1",
        "contentHash": "OTn0ShyXdMnbJ/1LLNOjvQhwE6Q8LiNtM9B/k51UJa7viuotKhDEnmLIof87XfjUt2UJZFhjF366+B3cKs3k4g==",
        "dependencies": {
          "Newtonsoft.Json": "13.0.1",
          "System.CodeDom": "8.0.0"
        }
      },
      "Confluent.Kafka": {
        "type": "CentralTransitive",
        "requested": "[2.14.0, )",
        "resolved": "2.14.0",
        "contentHash": "NnG0UXR9Wnup3Nvik6SBVaHRzCu0Iit8BE7ayaWsLt+yRWrI0ZY6o8pxPB6B/jyu+fbUllZ9efsbyFwrowDcpg==",
        "dependencies": {
          "librdkafka.redist": "2.14.0"
        }
      },
      "Microsoft.Extensions.Caching.Memory": {
        "type": "CentralTransitive",
        "requested": "[10.0.8, )",
        "resolved": "10.0.8",
        "contentHash": "sYMYQjNprfqPTryuLNnr0/AOtnhlfuZ0ZxyOV0d3AXOEL8j9KV0EbelpZYyIatT2hJiaSGO9XGr5YDRsh22OfQ==",
        "dependencies": {
          "Microsoft.Extensions.Caching.Abstractions": "10.0.8",
          "Microsoft.Extensions.DependencyInjection.Abstractions": "10.0.8",
          "Microsoft.Extensions.Logging.Abstractions": "10.0.8",
          "Microsoft.Extensions.Options": "10.0.8",
          "Microsoft.Extensions.Primitives": "10.0.8"
        }
      },
      "Microsoft.Extensions.DependencyInjection.Abstractions": {
        "type": "CentralTransitive",
        "requested": "[10.0.8, )",
        "resolved": "10.0.8",
        "contentHash": "21nbDV60SRPWGIivsyl6lqBeEJNG1sginhhfWgRrr3Ais7aQ12To25OAHQxgoiJkjqy1aQ6RxpZBGYuTi7Ge6A=="
      },
      "Microsoft.Extensions.Logging.Abstractions": {
        "type": "CentralTransitive",
        "requested": "[10.0.8, )",
        "resolved": "10.0.8",
        "contentHash": "fdVadZmsC8jRP0KvKy8mO8f6GV/HyBvElfcSxEhd+5FM5boAw/01iSaCto5G3G37ApJira4A3pNaVvBv8cUiLQ==",
        "dependencies": {
          "Microsoft.Extensions.DependencyInjection.Abstractions": "10.0.8"
        }
      },
      "Microsoft.Extensions.Options": {
        "type": "CentralTransitive",
        "requested": "[10.0.8, )",
        "resolved": "10.0.8",
        "contentHash": "VBD+131DpTNCNDfA4kIyKTiCySvJGNhwibdWBSdFRu7GMfXLXcXODkgA+KStKbbhzraLglZWUN4nXyHgW4JIRA==",
        "dependencies": {
          "Microsoft.Extensions.DependencyInjection.Abstractions": "10.0.8",
          "Microsoft.Extensions.Primitives": "10.0.8"
        }
      }
    },
    "net10.0/linux-x64": {
      "librdkafka.redist": {
        "type": "Transitive",
        "resolved": "2.14.0",
        "contentHash": "jqmYswYUiW9So5lce1Upo/zm5V7p/kWaqnUqkP5Lar1Ekq2yLrORoDCJ1JIiVLD3xdVkavwqW9iFKHBfkTsS7w=="
      }
    }
  }
}