
Microsoft Visual Studio Solution File, Format Version 12.00
Project("{2150E333-8FDC-42A3-9474-1A3956D46DE8}") = "Solution Items", "Solution Items", "{DE2924E7-E317-48F0-9111-BF222738F09D}"
	ProjectSection(SolutionItems) = preProject
		NuGet.config = NuGet.config
		.editorconfig = .editorconfig
		Directory.Build.AppInfo.props = Directory.Build.AppInfo.props
		Directory.Build.Dependencies.props = Directory.Build.Dependencies.props
		Dockerfile = Dockerfile
		docker-compose.yaml = docker-compose.yaml
		Directory.Build.props = Directory.Build.props
	EndProjectSection
EndProject
Project("{FAE04EC0-301F-11D3-BF4B-00C04F79EFBC}") = "DotNetAtlas.Api", "src\DotNetAtlas.Api\DotNetAtlas.Api.csproj", "{DBBC00B0-A61A-4741-B87A-960F08A4426F}"
EndProject
Project("{FAE04EC0-301F-11D3-BF4B-00C04F79EFBC}") = "DotNetAtlas.Domain", "src\DotNetAtlas.Domain\DotNetAtlas.Domain.csproj", "{EF51D8BF-A2B2-414E-8C80-9B8CF74BC385}"
EndProject
Project("{FAE04EC0-301F-11D3-BF4B-00C04F79EFBC}") = "DotNetAtlas.Infrastructure", "src\DotNetAtlas.Infrastructure\DotNetAtlas.Infrastructure.csproj", "{583934CD-17E1-4B0B-9C1A-944D69D0F6A4}"
EndProject
Project("{FAE04EC0-301F-11D3-BF4B-00C04F79EFBC}") = "DotNetAtlas.Contracts", "src\DotNetAtlas.Contracts\DotNetAtlas.Contracts.csproj", "{2E355B37-CD6F-4ADB-A2D2-5105C605F491}"
EndProject
Project("{FAE04EC0-301F-11D3-BF4B-00C04F79EFBC}") = "DotNetAtlas.Application", "src\DotNetAtlas.Application\DotNetAtlas.Application.csproj", "{0E3A8221-5E59-476A-82EA-212A4CFB5D67}"
EndProject
Project("{FAE04EC0-301F-11D3-BF4B-00C04F79EFBC}") = "DotNetAtlas.IntegrationTests", "test\DotNetAtlas.IntegrationTests\DotNetAtlas.IntegrationTests.csproj", "{AB29F506-809E-4F38-AA26-3858316A292D}"
EndProject
Project("{2150E333-8FDC-42A3-9474-1A3956D46DE8}") = "src", "src", "{9F5C2333-58ED-4226-B949-3307E01CAF84}"
EndProject
Project("{2150E333-8FDC-42A3-9474-1A3956D46DE8}") = "test", "test", "{8C86DA50-A203-40B6-BA98-6B6F5821F356}"
EndProject
Project("{FAE04EC0-301F-11D3-BF4B-00C04F79EFBC}") = "DotNetAtlas.UnitTests", "test\DotNetAtlas.UnitTests\DotNetAtlas.UnitTests.csproj", "{67D224B7-CFA5-4511-B2D3-03E555F1283F}"
EndProject
Global
	GlobalSection(SolutionConfigurationPlatforms) = preSolution
		Debug|Any CPU = Debug|Any CPU
		Release|Any CPU = Release|Any CPU
	EndGlobalSection
	GlobalSection(ProjectConfigurationPlatforms) = postSolution
		{DBBC00B0-A61A-4741-B87A-960F08A4426F}.Debug|Any CPU.ActiveCfg = Debug|Any CPU
		{DBBC00B0-A61A-4741-B87A-960F08A4426F}.Debug|Any CPU.Build.0 = Debug|Any CPU
		{DBBC00B0-A61A-4741-B87A-960F08A4426F}.Release|Any CPU.ActiveCfg = Release|Any CPU
		{DBBC00B0-A61A-4741-B87A-960F08A4426F}.Release|Any CPU.Build.0 = Release|Any CPU
		{EF51D8BF-A2B2-414E-8C80-9B8CF74BC385}.Debug|Any CPU.ActiveCfg = Debug|Any CPU
		{EF51D8BF-A2B2-414E-8C80-9B8CF74BC385}.Debug|Any CPU.Build.0 = Debug|Any CPU
		{EF51D8BF-A2B2-414E-8C80-9B8CF74BC385}.Release|Any CPU.ActiveCfg = Release|Any CPU
		{EF51D8BF-A2B2-414E-8C80-9B8CF74BC385}.Release|Any CPU.Build.0 = Release|Any CPU
		{583934CD-17E1-4B0B-9C1A-944D69D0F6A4}.Debug|Any CPU.ActiveCfg = Debug|Any CPU
		{583934CD-17E1-4B0B-9C1A-944D69D0F6A4}.Debug|Any CPU.Build.0 = Debug|Any CPU
		{583934CD-17E1-4B0B-9C1A-944D69D0F6A4}.Release|Any CPU.ActiveCfg = Release|Any CPU
		{583934CD-17E1-4B0B-9C1A-944D69D0F6A4}.Release|Any CPU.Build.0 = Release|Any CPU
		{2E355B37-CD6F-4ADB-A2D2-5105C605F491}.Debug|Any CPU.ActiveCfg = Debug|Any CPU
		{2E355B37-CD6F-4ADB-A2D2-5105C605F491}.Debug|Any CPU.Build.0 = Debug|Any CPU
		{2E355B37-CD6F-4ADB-A2D2-5105C605F491}.Release|Any CPU.ActiveCfg = Release|Any CPU
		{2E355B37-CD6F-4ADB-A2D2-5105C605F491}.Release|Any CPU.Build.0 = Release|Any CPU
		{0E3A8221-5E59-476A-82EA-212A4CFB5D67}.Debug|Any CPU.ActiveCfg = Debug|Any CPU
		{0E3A8221-5E59-476A-82EA-212A4CFB5D67}.Debug|Any CPU.Build.0 = Debug|Any CPU
		{0E3A8221-5E59-476A-82EA-212A4CFB5D67}.Release|Any CPU.ActiveCfg = Release|Any CPU
		{0E3A8221-5E59-476A-82EA-212A4CFB5D67}.Release|Any CPU.Build.0 = Release|Any CPU
		{AB29F506-809E-4F38-AA26-3858316A292D}.Debug|Any CPU.ActiveCfg = Debug|Any CPU
		{AB29F506-809E-4F38-AA26-3858316A292D}.Debug|Any CPU.Build.0 = Debug|Any CPU
		{AB29F506-809E-4F38-AA26-3858316A292D}.Release|Any CPU.ActiveCfg = Release|Any CPU
		{AB29F506-809E-4F38-AA26-3858316A292D}.Release|Any CPU.Build.0 = Release|Any CPU
		{67D224B7-CFA5-4511-B2D3-03E555F1283F}.Debug|Any CPU.ActiveCfg = Debug|Any CPU
		{67D224B7-CFA5-4511-B2D3-03E555F1283F}.Debug|Any CPU.Build.0 = Debug|Any CPU
		{67D224B7-CFA5-4511-B2D3-03E555F1283F}.Release|Any CPU.ActiveCfg = Release|Any CPU
		{67D224B7-CFA5-4511-B2D3-03E555F1283F}.Release|Any CPU.Build.0 = Release|Any CPU
	EndGlobalSection
	GlobalSection(NestedProjects) = preSolution
		{DBBC00B0-A61A-4741-B87A-960F08A4426F} = {9F5C2333-58ED-4226-B949-3307E01CAF84}
		{0E3A8221-5E59-476A-82EA-212A4CFB5D67} = {9F5C2333-58ED-4226-B949-3307E01CAF84}
		{2E355B37-CD6F-4ADB-A2D2-5105C605F491} = {9F5C2333-58ED-4226-B949-3307E01CAF84}
		{EF51D8BF-A2B2-414E-8C80-9B8CF74BC385} = {9F5C2333-58ED-4226-B949-3307E01CAF84}
		{583934CD-17E1-4B0B-9C1A-944D69D0F6A4} = {9F5C2333-58ED-4226-B949-3307E01CAF84}
		{AB29F506-809E-4F38-AA26-3858316A292D} = {8C86DA50-A203-40B6-BA98-6B6F5821F356}
		{67D224B7-CFA5-4511-B2D3-03E555F1283F} = {8C86DA50-A203-40B6-BA98-6B6F5821F356}
	EndGlobalSection
EndGlobal
