<Solution>
  <Folder Name="/docs/" />
  <Folder Name="/docs/architecture/" />
  <Folder Name="/docs/design decisions/" />
  <Folder Name="/pipeline/" />
  <Folder Name="/pipeline/ci/">
    <File Path=".github/workflows/build-and-push-docker-image.yml" />
    <File Path=".github/workflows/build-dotnet.yml" />
    <File Path=".github/workflows/determine-git-version.yml" />
    <File Path=".github/workflows/docker-image-build-push-sign.yml" />
    <File Path=".github/workflows/main-ci.yml" />
    <File Path=".github/workflows/main-release-tag.yml" />
    <File Path=".github/workflows/pr-ci.yml" />
    <File Path=".github/workflows/pr-conventional-commit-validation.yml" />
    <File Path=".github/workflows/pr-enforce-format.yml" />
    <File Path=".github/workflows/publish-coverage-site.yml" />
    <File Path=".github/workflows/publish-test-coverage.yml" />
    <File Path=".github/workflows/sonar-cloud-analysis.yml" />
    <File Path=".github/workflows/test-with-coverage.yml" />
    <File Path=".github/workflows/validate-documentation-links.yml" />
  </Folder>
  <Folder Name="/platform/">
    <File Path="platform/Directory.Packages.props" />
    <Project Path="platform/Platform.Api/Platform.Api.csproj" />
    <Project Path="platform/Platform.Avro.UniversalSerDes/Platform.Avro.UniversalSerDes.csproj" />
    <Project Path="platform/Platform.CQRS/Platform.CQRS.csproj" />
    <Project Path="platform/Platform.KafkaFlow.DeadLetter/Platform.KafkaFlow.DeadLetter.csproj" />
    <Project Path="platform/Platform.KafkaFlow.Inbox.EFCore/Platform.KafkaFlow.Inbox.EFCore.csproj" />
    <Project Path="platform/Platform.KafkaFlow.ProducerHeaders/Platform.KafkaFlow.ProducerHeaders.csproj" />
    <Project Path="platform/Platform.Messaging.Abstractions/Platform.Messaging.Abstractions.csproj" />
    <Project Path="platform/Platform.OutboxRelay.Benchmark/Platform.OutboxRelay.Benchmark.csproj" />
    <Project Path="platform/Platform.OutboxRelay.WorkerService/Platform.OutboxRelay.WorkerService.csproj" />
    <Project Path="platform/Platform.ReliableMessaging.Inbox.Core/Platform.ReliableMessaging.Inbox.Core.csproj" />
    <Project Path="platform/Platform.ReliableMessaging.Inbox.EFCore/Platform.ReliableMessaging.Inbox.EFCore.csproj" />
    <Project Path="platform/Platform.ReliableMessaging.Outbox.Core/Platform.ReliableMessaging.Outbox.Core.csproj" />
    <Project Path="platform/Platform.ReliableMessaging.Outbox.EFCore/Platform.ReliableMessaging.Outbox.EFCore.csproj" />
    <Project Path="platform/Platform.SchemaRegistry.Contracts/Platform.SchemaRegistry.Contracts.csproj" />
    <Project Path="platform/Platform.ServiceDefaults/Platform.ServiceDefaults.csproj" />
    <Project Path="platform/Platform.SharedKernel/Platform.SharedKernel.csproj" />
    <Project Path="platform/Platform.Test.Framework/Platform.Test.Framework.csproj" />
  </Folder>
  <Folder Name="/saga/">
    <File Path="saga/Directory.Build.props" />
    <File Path="saga/Directory.Packages.props" />
    <Project Path="saga/SagaOrchestrators.IntegrationTests/SagaOrchestrators.IntegrationTests.csproj" />
    <Project Path="saga/SagaOrchestrators.UnitTests/SagaOrchestrators.UnitTests.csproj" />
    <Project Path="saga/SagaOrchestrators/SagaOrchestrators.csproj" />
  </Folder>
  <Folder Name="/services/">
    <File Path="services/Directory.Packages.props" />
  </Folder>
  <Folder Name="/services/Basket/">
    <Project Path="services/Basket/Basket.Api/Basket.Api.csproj" />
    <Project Path="services/Basket/Basket.Application/Basket.Application.csproj" />
    <Project Path="services/Basket/Basket.Domain/Basket.Domain.csproj" />
    <Project Path="services/Basket/Basket.Infrastructure/Basket.Infrastructure.csproj" />
  </Folder>
  <Folder Name="/services/Catalog/">
    <Project Path="services/Catalog/Catalog.Api/Catalog.Api.csproj" />
    <Project Path="services/Catalog/Catalog.Application/Catalog.Application.csproj" />
    <Project Path="services/Catalog/Catalog.Domain/Catalog.Domain.csproj" />
    <Project Path="services/Catalog/Catalog.Infrastructure/Catalog.Infrastructure.csproj" />
  </Folder>
  <Folder Name="/services/Inventory/">
    <Project Path="services/Inventory/Inventory.Api/Inventory.Api.csproj" />
    <Project Path="services/Inventory/Inventory.Application/Inventory.Application.csproj" />
    <Project Path="services/Inventory/Inventory.Domain/Inventory.Domain.csproj" />
    <Project Path="services/Inventory/Inventory.Infrastructure/Inventory.Infrastructure.csproj" />
  </Folder>
  <Folder Name="/services/Invoicing/">
    <Project Path="services/Invoicing/Invoicing.Api/Invoicing.Api.csproj" />
    <Project Path="services/Invoicing/Invoicing.Application/Invoicing.Application.csproj" />
    <Project Path="services/Invoicing/Invoicing.Domain/Invoicing.Domain.csproj" />
    <Project Path="services/Invoicing/Invoicing.Infrastructure/Invoicing.Infrastructure.csproj" />
  </Folder>
  <Folder Name="/services/Ordering/">
    <Project Path="services/Ordering/Ordering.Api/Ordering.Api.csproj" />
    <Project Path="services/Ordering/Ordering.Application/Ordering.Application.csproj" />
    <Project Path="services/Ordering/Ordering.Domain/Ordering.Domain.csproj" />
    <Project Path="services/Ordering/Ordering.Infrastructure/Ordering.Infrastructure.csproj" />
  </Folder>
  <Folder Name="/services/Notifications/">
    <File Path="services/Notifications/README.md" />
    <Project Path="services/Notifications/Notifications.Api/Notifications.Api.csproj" />
    <Project Path="services/Notifications/Notifications.Application/Notifications.Application.csproj" />
    <Project Path="services/Notifications/Notifications.Domain/Notifications.Domain.csproj" />
    <Project Path="services/Notifications/Notifications.Infrastructure/Notifications.Infrastructure.csproj" />
  </Folder>
  <Folder Name="/services/Payments/">
    <File Path="services/Payments/README.md" />
    <Project Path="services/Payments/Payments.Api/Payments.Api.csproj" />
    <Project Path="services/Payments/Payments.Application/Payments.Application.csproj" />
    <Project Path="services/Payments/Payments.Domain/Payments.Domain.csproj" />
    <Project Path="services/Payments/Payments.Infrastructure/Payments.Infrastructure.csproj" />
  </Folder>
  <Folder Name="/src/">
    <File Path="src/Directory.Packages.props" />
  </Folder>
  <Folder Name="/src/EShop.BFF/">
    <Project Path="src/EShop.BFF/EShop.BFF.Api/EShop.BFF.Api.csproj" />
    <Project Path="src/EShop.BFF/EShop.BFF.Infrastructure/EShop.BFF.Infrastructure.csproj" />
  </Folder>
  <Folder Name="/Solution Items/">
    <File Path=".editorconfig" />
    <File Path=".env" />
    <File Path="Directory.Build.props" />
    <File Path="docker-compose.yaml" />
    <File Path="global.json" />
    <File Path="NuGet.config" />
    <File Path="README.md" />
    <File Path="src/keycloak/realm-export.json" />
  </Folder>
  <Folder Name="/test/">
    <Project Path="platform/Platform.Api.UnitTests/Platform.Api.UnitTests.csproj" />
    <Project Path="platform/Platform.KafkaFlow.DeadLetter.UnitTests/Platform.KafkaFlow.DeadLetter.UnitTests.csproj" />
    <Project Path="platform/Platform.KafkaFlow.ProducerHeaders.UnitTests/Platform.KafkaFlow.ProducerHeaders.UnitTests.csproj" />
    <Project Path="platform/Platform.ReliableMessaging.Outbox.EFCore.UnitTests/Platform.ReliableMessaging.Outbox.EFCore.UnitTests.csproj" />
    <Project Path="platform/Platform.ServiceDefaults.UnitTests/Platform.ServiceDefaults.UnitTests.csproj" />
    <Project Path="platform/Platform.SharedKernel.UnitTests/Platform.SharedKernel.UnitTests.csproj" />
    <Project Path="test/Platform.SharedKernel.ArchitectureTests/Platform.SharedKernel.ArchitectureTests.csproj" />
    <Project Path="test/Basket.ArchitectureTests/Basket.ArchitectureTests.csproj" />
    <Project Path="test/Basket.FunctionalTests/Basket.FunctionalTests.csproj" />
    <Project Path="test/Basket.IntegrationTests/Basket.IntegrationTests.csproj" />
    <Project Path="test/Basket.UnitTests/Basket.UnitTests.csproj" />
    <Project Path="test/Catalog.ArchitectureTests/Catalog.ArchitectureTests.csproj" />
    <Project Path="test/Catalog.IntegrationTests/Catalog.IntegrationTests.csproj" />
    <Project Path="test/Catalog.UnitTests/Catalog.UnitTests.csproj" />
    <Project Path="test/EShop.BFF.ArchitectureTests/EShop.BFF.ArchitectureTests.csproj" />
    <Project Path="test/EShop.BFF.IntegrationTests/EShop.BFF.IntegrationTests.csproj" />
    <Project Path="test/EShop.BFF.UnitTests/EShop.BFF.UnitTests.csproj" />
    <Project Path="test/Inventory.ArchitectureTests/Inventory.ArchitectureTests.csproj" />
    <Project Path="test/Inventory.FunctionalTests/Inventory.FunctionalTests.csproj" />
    <Project Path="test/Inventory.IntegrationTests/Inventory.IntegrationTests.csproj" />
    <Project Path="test/Inventory.UnitTests/Inventory.UnitTests.csproj" />
    <Project Path="test/Invoicing.ArchitectureTests/Invoicing.ArchitectureTests.csproj" />
    <Project Path="test/Invoicing.FunctionalTests/Invoicing.FunctionalTests.csproj" />
    <Project Path="test/Invoicing.IntegrationTests/Invoicing.IntegrationTests.csproj" />
    <Project Path="test/Invoicing.UnitTests/Invoicing.UnitTests.csproj" />
    <Project Path="test/Notifications.ArchitectureTests/Notifications.ArchitectureTests.csproj" />
    <Project Path="test/Notifications.FunctionalTests/Notifications.FunctionalTests.csproj" />
    <Project Path="test/Notifications.IntegrationTests/Notifications.IntegrationTests.csproj" />
    <Project Path="test/Notifications.UnitTests/Notifications.UnitTests.csproj" />
    <Project Path="test/Ordering.ArchitectureTests/Ordering.ArchitectureTests.csproj" />
    <Project Path="test/Ordering.FunctionalTests/Ordering.FunctionalTests.csproj" />
    <Project Path="test/Ordering.IntegrationTests/Ordering.IntegrationTests.csproj" />
    <Project Path="test/Ordering.UnitTests/Ordering.UnitTests.csproj" />
    <Project Path="test/Payments.ArchitectureTests/Payments.ArchitectureTests.csproj" />
    <Project Path="test/Payments.FunctionalTests/Payments.FunctionalTests.csproj" />
    <Project Path="test/Payments.IntegrationTests/Payments.IntegrationTests.csproj" />
    <Project Path="test/Payments.UnitTests/Payments.UnitTests.csproj" />
  </Folder>
  <Folder Name="/test/Common/">
    <File Path="test/coverlet.runsettings" />
    <File Path="test/Directory.Build.props" />
    <File Path="test/Directory.Packages.props" />
    <File Path="test/README.md" />
    <File Path="test/test-coverage.ps1" />
    <File Path="test/xunit.runner.json" />
  </Folder>
</Solution>
