{
  "version": 2,
  "dependencies": {
    "net10.0": {
      "Apache.Avro": {
        "type": "Direct",
        "requested": "[1.12.1, )",
        "resolved": "1.12.1",
        "contentHash": "OTn0ShyXdMnbJ/1LLNOjvQhwE6Q8LiNtM9B/k51UJa7viuotKhDEnmLIof87XfjUt2UJZFhjF366+B3cKs3k4g==",
        "dependencies": {
          "Newtonsoft.Json": "13.0.1",
          "System.CodeDom": "8.0.0"
        }
      },
      "Newtonsoft.Json": {
        "type": "Transitive",
        "resolved": "13.0.1",
        "contentHash": "ppPFpBcvxdsfUonNcvITKqLl3bqxWbDCZIzDWHzjpdAHRFfZe0Dw9HmA0+za13IdyrgJwpkDTDA9fHaxOrt20A=="
      },
      "System.CodeDom": {
        "type": "Transitive",
        "resolved": "8.0.0",
        "contentHash": "WTlRjL6KWIMr/pAaq3rYqh0TJlzpouaQ/W1eelssHgtlwHAH25jXTkUphTYx9HaIIf7XA6qs/0+YhtLEQRkJ+Q=="
      }
    },
    "net10.0/linux-x64": {},
    "net10.0/win-x64": {}
  }
}