{
  "version": 2,
  "dependencies": {
    "net10.0": {
      "AspNetCore.HealthChecks.Prometheus.Metrics": {
        "type": "Direct",
        "requested": "[9.0.0, )",
        "resolved": "9.0.0",
        "contentHash": "0xeg62XzCl7VqfsPLw3Tt0gKCGqAa/gW5iPiLaLHRqVt21vGbAgn9RLnSE/AoLolq23FdTjwgfKIJc/o3EQbKw==",
        "dependencies": {
          "prometheus-net": "8.1.0"
        }
      },
      "AspNetCore.HealthChecks.UI.Client": {
        "type": "Direct",
        "requested": "[9.0.0, )",
        "resolved": "9.0.0",
        "contentHash": "1Ub3Wvvbz7CMuFNWgLEc9qqQibiMoovDML/WHrwr5J83RPgtI20giCR92s/ipLgu7IIuqw+W/y7WpIeHqAICxg==",
        "dependencies": {
          "AspNetCore.HealthChecks.UI.Core": "9.0.0"
        }
      },
      "Elastic.Serilog.Enrichers.Web": {
        "type": "Direct",
        "requested": "[9.0.0, )",
        "resolved": "9.0.0",
        "contentHash": "z5fXjvJc+DxUWJuQO7wdNHeZwa6YFJ0ZbTpnmcAMs8XjV4DqjAHzU2epaSH536HPgRjxrtSh7VgUoMO9x7+bJg==",
        "dependencies": {
          "Elastic.CommonSchema": "9.0.0",
          "Elastic.CommonSchema.Serilog": "9.0.0",
          "Serilog": "4.3.0"
        }
      },
      "Microsoft.AspNetCore.Authentication.JwtBearer": {
        "type": "Direct",
        "requested": "[10.0.6, )",
        "resolved": "10.0.6",
        "contentHash": "JVPyTTr5J/Z5PikptDP2g8qwNJBJ09GZ7yHpaPDAMZ0qKeA2ZKqpZhUNJk1clBqZJeMj2T7gZ5o6oOrmLxuBdw==",
        "dependencies": {
          "Microsoft.IdentityModel.Protocols.OpenIdConnect": "8.0.1"
        }
      },
      "Microsoft.AspNetCore.OutputCaching.StackExchangeRedis": {
        "type": "Direct",
        "requested": "[10.0.6, )",
        "resolved": "10.0.6",
        "contentHash": "92Y6+hxR8nTOQ7Gqic4I3U+6PTSRW2/e4YvsN3g62P43jLp4jD2d9yfJ1648WeasYr4Q996ZtIheOVVTJMMUTg==",
        "dependencies": {
          "StackExchange.Redis": "2.7.27"
        }
      },
      "Microsoft.Extensions.Http.Resilience": {
        "type": "Direct",
        "requested": "[9.9.0, )",
        "resolved": "9.9.0",
        "contentHash": "dZ5Y34CsrPNBn4GMLq/PJeIV903R98K3Z3a2sECEeJv3kW4HlgwDZoZWsbG4ymBdGdQJoXS+Qp8sdLm3ptFdDg==",
        "dependencies": {
          "Microsoft.Extensions.Http.Diagnostics": "9.9.0",
          "Microsoft.Extensions.Resilience": "9.9.0"
        }
      },
      "OpenFeature": {
        "type": "Direct",
        "requested": "[2.12.0, )",
        "resolved": "2.12.0",
        "contentHash": "Z0D/uQ4kAQ89oRT60Ze26fgL4pYAnLHGANbQ+gHUtaBEmWBfGdhEhgswHsterVYJ/+M4u6GtQDnepL3vJgj93A=="
      },
      "OpenFeature.Hosting": {
        "type": "Direct",
        "requested": "[2.12.0, )",
        "resolved": "2.12.0",
        "contentHash": "OV3vHzw+lo6+aDSB5MCfOrhI1dM33sEAR7TSIhioergJ/DmI1VxBh1LeUXKughA7hYS6LMhTmPwc+tidf7Db9g==",
        "dependencies": {
          "OpenFeature": "2.12.0"
        }
      },
      "OpenTelemetry": {
        "type": "Direct",
        "requested": "[1.12.0, )",
        "resolved": "1.12.0",
        "contentHash": "aIEu2O3xFOdwIVH0AJsIHPIMH1YuX18nzu7BHyaDNQ6NWSk4Zyrs9Pp6y8SATuSbvdtmvue4mj/QZ3838srbwA==",
        "dependencies": {
          "OpenTelemetry.Api.ProviderBuilderExtensions": "1.12.0"
        }
      },
      "Serilog.AspNetCore": {
        "type": "Direct",
        "requested": "[9.0.0, )",
        "resolved": "9.0.0",
        "contentHash": "JslDajPlBsn3Pww1554flJFTqROvK9zz9jONNQgn0D8Lx2Trw8L0A8/n6zEQK1DAZWXrJwiVLw8cnTR3YFuYsg==",
        "dependencies": {
          "Serilog": "4.2.0",
          "Serilog.Extensions.Hosting": "9.0.0",
          "Serilog.Formatting.Compact": "3.0.0",
          "Serilog.Settings.Configuration": "9.0.0",
          "Serilog.Sinks.Console": "6.0.0",
          "Serilog.Sinks.Debug": "3.0.0",
          "Serilog.Sinks.File": "6.0.0"
        }
      },
      "Serilog.Exceptions": {
        "type": "Direct",
        "requested": "[8.4.0, )",
        "resolved": "8.4.0",
        "contentHash": "nc/+hUw3lsdo0zCj0KMIybAu7perMx79vu72w0za9Nsi6mWyNkGXxYxakAjWB7nEmYL6zdmhEQRB4oJ2ALUeug==",
        "dependencies": {
          "Serilog": "2.8.0",
          "System.Reflection.TypeExtensions": "4.7.0"
        }
      },
      "Serilog.Exceptions.EntityFrameworkCore": {
        "type": "Direct",
        "requested": "[8.4.0, )",
        "resolved": "8.4.0",
        "contentHash": "3mOul1jW79IL6CVGpaX3zdaMXpKv20/X/gg9D10kHfabjQ35s7aNYeT3Rm3uXA0MovfURB/41aosKcyfboBNCQ==",
        "dependencies": {
          "Microsoft.EntityFrameworkCore": "6.0.0",
          "Serilog.Exceptions": "8.4.0"
        }
      },
      "Serilog.Settings.Configuration": {
        "type": "Direct",
        "requested": "[9.0.0, )",
        "resolved": "9.0.0",
        "contentHash": "4/Et4Cqwa+F88l5SeFeNZ4c4Z6dEAIKbu3MaQb2Zz9F/g27T5a3wvfMcmCOaAiACjfUb4A6wrlTVfyYUZk3RRQ==",
        "dependencies": {
          "Microsoft.Extensions.DependencyModel": "9.0.0",
          "Serilog": "4.2.0"
        }
      },
      "Serilog.Sinks.Console": {
        "type": "Direct",
        "requested": "[6.0.0, )",
        "resolved": "6.0.0",
        "contentHash": "fQGWqVMClCP2yEyTXPIinSr5c+CBGUvBybPxjAGcf7ctDhadFhrQw03Mv8rJ07/wR5PDfFjewf2LimvXCDzpbA==",
        "dependencies": {
          "Serilog": "4.0.0"
        }
      },
      "Serilog.Sinks.OpenTelemetry": {
        "type": "Direct",
        "requested": "[4.2.0, )",
        "resolved": "4.2.0",
        "contentHash": "PzMCyE5G19tjr5IZEi5qg+4UU5QrxBEoBEMu/hhYybTrGKXqUDiSGWKZNUDBgelaVKqLADlsmlJVyKce5SyPrg==",
        "dependencies": {
          "Google.Protobuf": "3.30.1",
          "Grpc.Net.Client": "2.70.0",
          "Serilog": "4.2.0"
        }
      },
      "Serilog.Sinks.Seq": {
        "type": "Direct",
        "requested": "[9.0.0, )",
        "resolved": "9.0.0",
        "contentHash": "aNU8A0K322q7+voPNmp1/qNPH+9QK8xvM1p72sMmCG0wGlshFzmtDW9QnVSoSYCj0MgQKcMOlgooovtBhRlNHw==",
        "dependencies": {
          "Serilog": "4.2.0",
          "Serilog.Sinks.File": "6.0.0"
        }
      },
      "SerilogTracing.Expressions": {
        "type": "Direct",
        "requested": "[2.3.1, )",
        "resolved": "2.3.1",
        "contentHash": "OLvZcUvSb72MsN6NXHIDe39RTfdu8HV+EwxiNHSdo1h9S2eBLoYhjmabxsXyIi7P6Xf9Ejo4YZwp0VZu4hlBjA==",
        "dependencies": {
          "Serilog.Expressions": "4.0.0",
          "SerilogTracing": "2.3.1"
        }
      },
      "AspNetCore.HealthChecks.UI.Core": {
        "type": "Transitive",
        "resolved": "9.0.0",
        "contentHash": "TVriy4hgYnhfqz6NAzv8qe62Q8wf82iKUL6WV9selqeFZTq1ILi39Sic6sFQegRysvAVcnxKP/vY8z9Fk8x6XQ=="
      },
      "Elastic.CommonSchema": {
        "type": "Transitive",
        "resolved": "9.0.0",
        "contentHash": "5I7rbqLobJZY2cf9EratD2peUva31eyfSwuf8Qm8gM5ButP5F/NNzcUuvsuAleBQXmAJb55CLnMxA9oMGYHdsg=="
      },
      "Elastic.CommonSchema.Serilog": {
        "type": "Transitive",
        "resolved": "9.0.0",
        "contentHash": "5MF4qqoXRddo8YBzV+EbhSBqo6F8UIAbj28GVEyiobRt/MZRzE3ddYd6k51yYJ4ZJ4WMtdZk5Wv8o8YpqW51KA==",
        "dependencies": {
          "Elastic.CommonSchema": "9.0.0",
          "Serilog": "4.3.0"
        }
      },
      "Google.Protobuf": {
        "type": "Transitive",
        "resolved": "3.30.1",
        "contentHash": "HeWXDQBabQn/sCGicbeLJ0HMunknfC4FdLrOQOsaMJHcpqx3HVIpyyJqTrqJlWnza870twhOb+rBcaTiC/TlNA=="
      },
      "Grpc.Core.Api": {
        "type": "Transitive",
        "resolved": "2.70.0",
        "contentHash": "66UotvWcSIq41oiQhLWcQACyKPM4umxXNiht5DQTLZJfNwEswWOcS7Z0xIEHyNIBE7ZpjotH22bEjTkvhPxmVw=="
      },
      "Grpc.Net.Client": {
        "type": "Transitive",
        "resolved": "2.70.0",
        "contentHash": "xNv0FFCVJa5S1beUtye82WFCxKThuE1jbN8DO1x1Rj8VSIWXLBUmfSID5a1fGzsU2R/EMfwPoWclJ2RMfQuGXw==",
        "dependencies": {
          "Grpc.Net.Common": "2.70.0"
        }
      },
      "Grpc.Net.Common": {
        "type": "Transitive",
        "resolved": "2.70.0",
        "contentHash": "rBdEUMyCwa+iB8mqC6JKyPbj3SBHHkReJj/yy/XKJI63GcG6w9DJMMGTVcYHqq4Ci2W4m0HT4jt2pFfFscar8g==",
        "dependencies": {
          "Grpc.Core.Api": "2.70.0"
        }
      },
      "Microsoft.EntityFrameworkCore.Abstractions": {
        "type": "Transitive",
        "resolved": "6.0.0",
        "contentHash": "MrMLWEw4JsZdkVci0MkkGj+fSjZrXnm3m6UNuIEwytiAAIZPvJs3iPpnzfK4qM7np82W374voYm96q7QCdL0ow=="
      },
      "Microsoft.EntityFrameworkCore.Analyzers": {
        "type": "Transitive",
        "resolved": "6.0.0",
        "contentHash": "BqWBL05PUDKwPwLeQCJdc2R4cIUycXV9UmuSjYfux2fcgyet8I2eYnOWlA7NgsDwRVcxW26vxvNQ0wuc8UAcLA=="
      },
      "Microsoft.Extensions.AmbientMetadata.Application": {
        "type": "Transitive",
        "resolved": "9.9.0",
        "contentHash": "sCc7X0rXDdWIXdRq/s8Yd3YoMz2r0wNyRGQ5HdYu1TfvpGryH/3lH1pizS1WsL8gYrAD3nT0GIbsyz6c5dM/wQ=="
      },
      "Microsoft.Extensions.Compliance.Abstractions": {
        "type": "Transitive",
        "resolved": "9.9.0",
        "contentHash": "9/bU4vuy7xu81BeiHazP0kmtOb3vAKSGdN+9s84/HfwVDvxAZOfPxDK7uPl6jEfiFdZvpHNF/YxWQqaISvYEUQ=="
      },
      "Microsoft.Extensions.DependencyInjection.AutoActivation": {
        "type": "Transitive",
        "resolved": "9.9.0",
        "contentHash": "DrDJ7+dWB0LeR6b83wj9WNhr45O67Q+wTxFaVE9BHpAFGc66Xz/K3A5wp5fA/060vLGGDgkftBpbS307BizSFw=="
      },
      "Microsoft.Extensions.DependencyModel": {
        "type": "Transitive",
        "resolved": "9.0.0",
        "contentHash": "saxr2XzwgDU77LaQfYFXmddEDRUKHF4DaGMZkNB3qjdVSZlax3//dGJagJkKrGMIPNZs2jVFXITyCCR6UHJNdA=="
      },
      "Microsoft.Extensions.Diagnostics.ExceptionSummarization": {
        "type": "Transitive",
        "resolved": "9.9.0",
        "contentHash": "LVb1ziRqI8x8TNCJW+zRGx1xPTPFWbhJzEk8k+rFx03M8zrQt5T+3MMV/fWTeHc3/7uoJDRDRklRMUlAqQw99w=="
      },
      "Microsoft.Extensions.Http.Diagnostics": {
        "type": "Transitive",
        "resolved": "9.9.0",
        "contentHash": "bdO0rzxXHsmp0+k1chjBKwxhdxkHetBfVe2LhFkoxSirErvvTmnD/ZeHqdNOeMEouJmaoGJFep70NFRK8/NDlA==",
        "dependencies": {
          "Microsoft.Extensions.Telemetry": "9.9.0"
        }
      },
      "Microsoft.Extensions.Resilience": {
        "type": "Transitive",
        "resolved": "9.9.0",
        "contentHash": "MZNGlO++Z64MsIzb2d875uFx0fivsJb+gMjSacVQTpINJm0sxzOK2CfjnH4gDbndAZ9pCU2rZtsxqMa45YkM6A==",
        "dependencies": {
          "Microsoft.Extensions.Diagnostics.ExceptionSummarization": "9.9.0",
          "Microsoft.Extensions.Telemetry.Abstractions": "9.9.0",
          "Polly.Extensions": "8.4.2",
          "Polly.RateLimiting": "8.4.2"
        }
      },
      "Microsoft.Extensions.Telemetry": {
        "type": "Transitive",
        "resolved": "9.9.0",
        "contentHash": "gwTzxU0+W0Beqp0jivDajsjVtLZTxM5werm4kggyTqmP5dlfapo/0DoK0yG3/gNyiFWCcJmEGhmqrSL9gNFtGw==",
        "dependencies": {
          "Microsoft.Extensions.AmbientMetadata.Application": "9.9.0",
          "Microsoft.Extensions.DependencyInjection.AutoActivation": "9.9.0",
          "Microsoft.Extensions.Telemetry.Abstractions": "9.9.0"
        }
      },
      "Microsoft.Extensions.Telemetry.Abstractions": {
        "type": "Transitive",
        "resolved": "9.9.0",
        "contentHash": "EmnlvikFKeWRJLvdoysRWOnYggD+aQpwpXjfDAZLpbuiPYsNhXzMRs6b+/R0QiQ5gV8r6JAGZyexMum8ZUDtWA==",
        "dependencies": {
          "Microsoft.Extensions.Compliance.Abstractions": "9.9.0"
        }
      },
      "Microsoft.IdentityModel.Abstractions": {
        "type": "Transitive",
        "resolved": "8.0.1",
        "contentHash": "OtlIWcyX01olfdevPKZdIPfBEvbcioDyBiE/Z2lHsopsMD7twcKtlN9kMevHmI5IIPhFpfwCIiR6qHQz1WHUIw=="
      },
      "Microsoft.IdentityModel.JsonWebTokens": {
        "type": "Transitive",
        "resolved": "8.0.1",
        "contentHash": "s6++gF9x0rQApQzOBbSyp4jUaAlwm+DroKfL8gdOHxs83k8SJfUXhuc46rDB3rNXBQ1MVRxqKUrqFhO/M0E97g==",
        "dependencies": {
          "Microsoft.IdentityModel.Tokens": "8.0.1"
        }
      },
      "Microsoft.IdentityModel.Logging": {
        "type": "Transitive",
        "resolved": "8.0.1",
        "contentHash": "UCPF2exZqBXe7v/6sGNiM6zCQOUXXQ9+v5VTb9gPB8ZSUPnX53BxlN78v2jsbIvK9Dq4GovQxo23x8JgWvm/Qg==",
        "dependencies": {
          "Microsoft.IdentityModel.Abstractions": "8.0.1"
        }
      },
      "Microsoft.IdentityModel.Protocols": {
        "type": "Transitive",
        "resolved": "8.0.1",
        "contentHash": "uA2vpKqU3I2mBBEaeJAWPTjT9v1TZrGWKdgK6G5qJd03CLx83kdiqO9cmiK8/n1erkHzFBwU/RphP83aAe3i3g==",
        "dependencies": {
          "Microsoft.IdentityModel.Tokens": "8.0.1"
        }
      },
      "Microsoft.IdentityModel.Protocols.OpenIdConnect": {
        "type": "Transitive",
        "resolved": "8.0.1",
        "contentHash": "AQDbfpL+yzuuGhO/mQhKNsp44pm5Jv8/BI4KiFXR7beVGZoSH35zMV3PrmcfvSTsyI6qrcR898NzUauD6SRigg==",
        "dependencies": {
          "Microsoft.IdentityModel.Protocols": "8.0.1",
          "System.IdentityModel.Tokens.Jwt": "8.0.1"
        }
      },
      "Microsoft.IdentityModel.Tokens": {
        "type": "Transitive",
        "resolved": "8.0.1",
        "contentHash": "kDimB6Dkd3nkW2oZPDkMkVHfQt3IDqO5gL0oa8WVy3OP4uE8Ij+8TXnqg9TOd9ufjsY3IDiGz7pCUbnfL18tjg==",
        "dependencies": {
          "Microsoft.IdentityModel.Logging": "8.0.1"
        }
      },
      "OpenTelemetry.Api.ProviderBuilderExtensions": {
        "type": "Transitive",
        "resolved": "1.12.0",
        "contentHash": "t6Vk1143BfiisCWYbRcyzkAuN6Aq5RkYtfOSMoqCIRMvtN9p1e1xzc0nWQ+fccNGOVgHn3aMK5xFn2+iWMcr8A==",
        "dependencies": {
          "OpenTelemetry.Api": "1.12.0"
        }
      },
      "Pipelines.Sockets.Unofficial": {
        "type": "Transitive",
        "resolved": "2.2.8",
        "contentHash": "zG2FApP5zxSx6OcdJQLbZDk2AVlN2BNQD6MorwIfV6gVj0RRxWPEp2LXAxqDGZqeNV1Zp0BNPcNaey/GXmTdvQ=="
      },
      "Polly.Core": {
        "type": "Transitive",
        "resolved": "8.4.2",
        "contentHash": "BpE2I6HBYYA5tF0Vn4eoQOGYTYIK1BlF5EXVgkWGn3mqUUjbXAr13J6fZVbp7Q3epRR8yshacBMlsHMhpOiV3g=="
      },
      "Polly.Extensions": {
        "type": "Transitive",
        "resolved": "8.4.2",
        "contentHash": "GZ9vRVmR0jV2JtZavt+pGUsQ1O1cuRKG7R7VOZI6ZDy9y6RNPvRvXK1tuS4ffUrv8L0FTea59oEuQzgS0R7zSA==",
        "dependencies": {
          "Polly.Core": "8.4.2"
        }
      },
      "Polly.RateLimiting": {
        "type": "Transitive",
        "resolved": "8.4.2",
        "contentHash": "ehTImQ/eUyO07VYW2WvwSmU9rRH200SKJ/3jku9rOkyWE0A2JxNFmAVms8dSn49QLSjmjFRRSgfNyOgr/2PSmA==",
        "dependencies": {
          "Polly.Core": "8.4.2"
        }
      },
      "prometheus-net": {
        "type": "Transitive",
        "resolved": "8.1.0",
        "contentHash": "4prJfXFYmCPtuedjSjvtsI9BGjsH6hXrqz/yAOx07osiVwzRVyLP7Os+5rFJ5g2PLOoO3149RbEyp2/b223/CQ=="
      },
      "Serilog.Formatting.Compact": {
        "type": "Transitive",
        "resolved": "3.0.0",
        "contentHash": "wQsv14w9cqlfB5FX2MZpNsTawckN4a8dryuNGbebB/3Nh1pXnROHZov3swtu3Nj5oNG7Ba+xdu7Et/ulAUPanQ==",
        "dependencies": {
          "Serilog": "4.0.0"
        }
      },
      "Serilog.Sinks.Debug": {
        "type": "Transitive",
        "resolved": "3.0.0",
        "contentHash": "4BzXcdrgRX7wde9PmHuYd9U6YqycCC28hhpKonK7hx0wb19eiuRj16fPcPSVp0o/Y1ipJuNLYQ00R3q2Zs8FDA==",
        "dependencies": {
          "Serilog": "4.0.0"
        }
      },
      "Serilog.Sinks.File": {
        "type": "Transitive",
        "resolved": "6.0.0",
        "contentHash": "lxjg89Y8gJMmFxVkbZ+qDgjl+T4yC5F7WSLTvA+5q0R04tfKVLRL/EHpYoJ/MEQd2EeCKDuylBIVnAYMotmh2A==",
        "dependencies": {
          "Serilog": "4.0.0"
        }
      },
      "SerilogTracing": {
        "type": "Transitive",
        "resolved": "2.3.1",
        "contentHash": "tkl/Rm3kzdOAQ2uwMARw2vE7QftYij9Tjbplg1SuaB+h+YfkX0RQDAxKwnMEVBZbsbnst4JGfk3J66V1EDovPA==",
        "dependencies": {
          "Serilog": "4.0.0"
        }
      },
      "System.IdentityModel.Tokens.Jwt": {
        "type": "Transitive",
        "resolved": "8.0.1",
        "contentHash": "GJw3bYkWpOgvN3tJo5X4lYUeIFA2HD293FPUhKmp7qxS+g5ywAb34Dnd3cDAFLkcMohy5XTpoaZ4uAHuw0uSPQ==",
        "dependencies": {
          "Microsoft.IdentityModel.JsonWebTokens": "8.0.1",
          "Microsoft.IdentityModel.Tokens": "8.0.1"
        }
      },
      "System.Reflection.TypeExtensions": {
        "type": "Transitive",
        "resolved": "4.7.0",
        "contentHash": "VybpaOQQhqE6siHppMktjfGBw1GCwvCqiufqmP8F1nj7fTUNtW35LOEt3UZTEsECfo+ELAl/9o9nJx3U91i7vA=="
      },
      "platform.sharedkernel": {
        "type": "Project",
        "dependencies": {
          "Ardalis.SmartEnum": "[8.1.0, )",
          "FluentResults": "[4.0.0, )",
          "Scrutor": "[6.1.0, )"
        }
      },
      "Ardalis.SmartEnum": {
        "type": "CentralTransitive",
        "requested": "[8.1.0, )",
        "resolved": "8.1.0",
        "contentHash": "+OpcDNwgfwdKEhEwq6U5lrXiBpdA3LxfZR7nTtF6vzbkXc1hKa2Uv/rHduzxwNLYrzOfR/7QUVyjWTliSS7pOA=="
      },
      "FluentResults": {
        "type": "CentralTransitive",
        "requested": "[4.0.0, )",
        "resolved": "4.0.0",
        "contentHash": "wKfdLvDnDVhXlSreU7u/NFNHH6EfoOhAloEID4ePAyk+ZliowKZJvX+aCL4hxhFc9Jj74t62amS4LyOYTjXGCg=="
      },
      "Microsoft.EntityFrameworkCore": {
        "type": "CentralTransitive",
        "requested": "[10.0.5, )",
        "resolved": "6.0.0",
        "contentHash": "BdHAtHzfQt3rltgSoYamSlHg2qawPtEDT677/bcSJlO8lQ/lj6XWlusM0TOt59O8Sbqm3hAC1a+4cEBxmv56pw==",
        "dependencies": {
          "Microsoft.EntityFrameworkCore.Abstractions": "6.0.0",
          "Microsoft.EntityFrameworkCore.Analyzers": "6.0.0"
        }
      },
      "OpenTelemetry.Api": {
        "type": "CentralTransitive",
        "requested": "[1.12.0, )",
        "resolved": "1.12.0",
        "contentHash": "Xt0qldi+iE2szGrM3jAqzEMEJd48YBtqI6mge0+ArXTZg3aTpRmyhL6CKKl3bLioaFSSVbBpEbPin8u6Z46Yrw=="
      },
      "Scrutor": {
        "type": "CentralTransitive",
        "requested": "[6.1.0, )",
        "resolved": "6.1.0",
        "contentHash": "m4+0RdgnX+jeiaqteq9x5SwEtuCjWG0KTw1jBjCzn7V8mCanXKoeF8+59E0fcoRbAjdEq6YqHFCmxZ49Kvqp3g==",
        "dependencies": {
          "Microsoft.Extensions.DependencyModel": "8.0.2"
        }
      },
      "Serilog": {
        "type": "CentralTransitive",
        "requested": "[4.2.0, )",
        "resolved": "4.3.0",
        "contentHash": "+cDryFR0GRhsGOnZSKwaDzRRl4MupvJ42FhCE4zhQRVanX0Jpg6WuCBk59OVhVDPmab1bB+nRykAnykYELA9qQ=="
      },
      "Serilog.Expressions": {
        "type": "CentralTransitive",
        "requested": "[5.0.0, )",
        "resolved": "4.0.0",
        "contentHash": "dsC8GtalMDXMzywA60fHeBvqAjQ1EM75zSrdA7j7TxJfmrfss6BOxzgoT5thqjY+icLNbovUsC5KTYRlXzCpXg==",
        "dependencies": {
          "Serilog": "3.1.0"
        }
      },
      "Serilog.Extensions.Hosting": {
        "type": "CentralTransitive",
        "requested": "[9.0.0, )",
        "resolved": "9.0.0",
        "contentHash": "u2TRxuxbjvTAldQn7uaAwePkWxTHIqlgjelekBtilAGL5sYyF3+65NWctN4UrwwGLsDC7c3Vz3HnOlu+PcoxXg==",
        "dependencies": {
          "Serilog": "4.2.0",
          "Serilog.Extensions.Logging": "9.0.0"
        }
      },
      "Serilog.Extensions.Logging": {
        "type": "CentralTransitive",
        "requested": "[9.0.2, )",
        "resolved": "9.0.0",
        "contentHash": "NwSSYqPJeKNzl5AuXVHpGbr6PkZJFlNa14CdIebVjK3k/76kYj/mz5kiTRNVSsSaxM8kAIa1kpy/qyT9E4npRQ==",
        "dependencies": {
          "Serilog": "4.2.0"
        }
      },
      "StackExchange.Redis": {
        "type": "CentralTransitive",
        "requested": "[2.8.31, )",
        "resolved": "2.7.27",
        "contentHash": "Uqc2OQHglqj9/FfGQ6RkKFkZfHySfZlfmbCl+hc+u2I/IqunfelQ7QJi7ZhvAJxUtu80pildVX6NPLdDaUffOw==",
        "dependencies": {
          "Pipelines.Sockets.Unofficial": "2.2.8"
        }
      }
    },
    "net10.0/linux-x64": {},
    "net10.0/win-x64": {}
  }
}