{
  "version": 1,
  "dependencies": {
    "net10.0": {
      "FastEndpoints.Attributes": {
        "type": "Direct",
        "requested": "[7.0.1, )",
        "resolved": "7.0.1",
        "contentHash": "YPBP+5LuMWnSK/VEJfp1Ui8Jjehvx2LxZlylC9WIdHc/PfUfHTwP7j93haYNZt2RQElxM/fOYSi/MzOFC1d8/g==",
        "dependencies": {
          "Microsoft.Extensions.Primitives": "8.0.0"
        }
      },
      "FastEndpoints.Generator": {
        "type": "Direct",
        "requested": "[7.0.1, )",
        "resolved": "7.0.1",
        "contentHash": "7vC05tw+TCOEkyqHz7VaIL5VuzuQJlWAxIajl8HIyoFfoByDaEnxuzgTGledGInQP26z1yagoK+hCBoOtIBbRw==",
        "dependencies": {
          "FastEndpoints.Attributes": "7.0.1"
        }
      },
      "Microsoft.Extensions.Primitives": {
        "type": "Transitive",
        "resolved": "8.0.0",
        "contentHash": "bXJEZrW9ny8vjMF1JV253WeLhpEVzFo1lyaZu1vQ4ZxWUlVvknZ/+ftFgVheLubb4eZPSwwxBeqS1JkCOjxd8g=="
      }
    }
  }
}